// !$*UTF8*$!
{
	archiveVersion = 1;
	classes = {
	};
	objectVersion = 46;
	objects = {

/* Begin PBXBuildFile section */
		43FCFDFE1F251EAE00D854C9 /* AppDelegate.swift in Sources */ = {isa = PBXBuildFile; fileRef = 43FCFDFD1F251EAE00D854C9 /* AppDelegate.swift */; };
		43FCFE001F251EAE00D854C9 /* TravelLocationsViewController.swift in Sources */ = {isa = PBXBuildFile; fileRef = 43FCFDFF1F251EAE00D854C9 /* TravelLocationsViewController.swift */; };
		43FCFE031F251EAE00D854C9 /* Main.storyboard in Resources */ = {isa = PBXBuildFile; fileRef = 43FCFE011F251EAE00D854C9 /* Main.storyboard */; };
		43FCFE051F251EAE00D854C9 /* Assets.xcassets in Resources */ = {isa = PBXBuildFile; fileRef = 43FCFE041F251EAE00D854C9 /* Assets.xcassets */; };
		43FCFE081F251EAE00D854C9 /* LaunchScreen.storyboard in Resources */ = {isa = PBXBuildFile; fileRef = 43FCFE061F251EAE00D854C9 /* LaunchScreen.storyboard */; };
		43FCFE111F2520A900D854C9 /* MapKit.framework in Frameworks */ = {isa = PBXBuildFile; fileRef = 43FCFE101F2520A900D854C9 /* MapKit.framework */; };
		43FCFE141F2551D700D854C9 /* LocationsModel.xcdatamodeld in Sources */ = {isa = PBXBuildFile; fileRef = 43FCFE121F2551D700D854C9 /* LocationsModel.xcdatamodeld */; };
/* End PBXBuildFile section */

/* Begin PBXFileReference section */
		43FCFDFA1F251EAE00D854C9 /* Virtual Tourist.app */ = {isa = PBXFileReference; explicitFileType = wrapper.application; includeInIndex = 0; path = "Virtual Tourist.app"; sourceTree = BUILT_PRODUCTS_DIR; };
		43FCFDFD1F251EAE00D854C9 /* AppDelegate.swift */ = {isa = PBXFileReference; lastKnownFileType = sourcecode.swift; path = AppDelegate.swift; sourceTree = "<group>"; };
		43FCFDFF1F251EAE00D854C9 /* TravelLocationsViewController.swift */ = {isa = PBXFileReference; lastKnownFileType = sourcecode.swift; path = TravelLocationsViewController.swift; sourceTree = "<group>"; };
		43FCFE021F251EAE00D854C9 /* Base */ = {isa = PBXFileReference; lastKnownFileType = file.storyboard; name = Base; path = Base.lproj/Main.storyboard; sourceTree = "<group>"; };
		43FCFE041F251EAE00D854C9 /* Assets.xcassets */ = {isa = PBXFileReference; lastKnownFileType = folder.assetcatalog; path = Assets.xcassets; sourceTree = "<group>"; };
		43FCFE071F251EAE00D854C9 /* Base */ = {isa = PBXFileReference; lastKnownFileType = file.storyboard; name = Base; path = Base.lproj/LaunchScreen.storyboard; sourceTree = "<group>"; };
		43FCFE091F251EAE00D854C9 /* Info.plist */ = {isa = PBXFileReference; lastKnownFileType = text.plist.xml; path = Info.plist; sourceTree = "<group>"; };
		43FCFE101F2520A900D854C9 /* MapKit.framework */ = {isa = PBXFileReference; lastKnownFileType = wrapper.framework; name = MapKit.framework; path = System/Library/Frameworks/MapKit.framework; sourceTree = SDKROOT; };
		43FCFE131F2551D700D854C9 /* LocationsModel.xcdatamodel */ = {isa = PBXFileReference; lastKnownFileType = wrapper.xcdatamodel; path = LocationsModel.xcdatamodel; sourceTree = "<group>"; };
/* End PBXFileReference section */

/* Begin PBXFrameworksBuildPhase section */
		43FCFDF71F251EAE00D854C9 /* Frameworks */ = {
			isa = PBXFrameworksBuildPhase;
			buildActionMask = 2147483647;
			files = (
				43FCFE111F2520A900D854C9 /* MapKit.framework in Frameworks */,
			);
			runOnlyForDeploymentPostprocessing = 0;
		};
/* End PBXFrameworksBuildPhase section */

/* Begin PBXGroup section */
		43FCFDF11F251EAE00D854C9 = {
			isa = PBXGroup;
			children = (
				43FCFDFC1F251EAE00D854C9 /* Virtual Tourist */,
				43FCFDFB1F251EAE00D854C9 /* Products */,
				43FCFE0F1F2520A900D854C9 /* Frameworks */,
			);
			sourceTree = "<group>";
		};
		43FCFDFB1F251EAE00D854C9 /* Products */ = {
			isa = PBXGroup;
			children = (
				43FCFDFA1F251EAE00D854C9 /* Virtual Tourist.app */,
			);
			name = Products;
			sourceTree = "<group>";
		};
		43FCFDFC1F251EAE00D854C9 /* Virtual Tourist */ = {
			isa = PBXGroup;
			children = (
				43FCFE151F2552A400D854C9 /* Model */,
				43FCFE161F2552B100D854C9 /* View */,
				43FCFE171F2552E100D854C9 /* Controller */,
				43FCFE091F251EAE00D854C9 /* Info.plist */,
			);
			path = "Virtual Tourist";
			sourceTree = "<group>";
		};
		43FCFE0F1F2520A900D854C9 /* Frameworks */ = {
			isa = PBXGroup;
			children = (
				43FCFE101F2520A900D854C9 /* MapKit.framework */,
			);
			name = Frameworks;
			sourceTree = "<group>";
		};
		43FCFE151F2552A400D854C9 /* Model */ = {
			isa = PBXGroup;
			children = (
				43FCFE121F2551D700D854C9 /* LocationsModel.xcdatamodeld */,
			);
			name = Model;
			sourceTree = "<group>";
		};
		43FCFE161F2552B100D854C9 /* View */ = {
			isa = PBXGroup;
			children = (
				43FCFE011F251EAE00D854C9 /* Main.storyboard */,
				43FCFE061F251EAE00D854C9 /* LaunchScreen.storyboard */,
				43FCFE041F251EAE00D854C9 /* Assets.xcassets */,
			);
			name = View;
			sourceTree = "<group>";
		};
		43FCFE171F2552E100D854C9 /* Controller */ = {
			isa = PBXGroup;
			children = (
				43FCFDFD1F251EAE00D854C9 /* AppDelegate.swift */,
				43FCFDFF1F251EAE00D854C9 /* TravelLocationsViewController.swift */,
			);
			name = Controller;
			sourceTree = "<group>";
		};
/* End PBXGroup section */

/* Begin PBXNativeTarget section */
		43FCFDF91F251EAE00D854C9 /* Virtual Tourist */ = {
			isa = PBXNativeTarget;
			buildConfigurationList = 43FCFE0C1F251EAE00D854C9 /* Build configuration list for PBXNativeTarget "Virtual Tourist" */;
			buildPhases = (
				43FCFDF61F251EAE00D854C9 /* Sources */,
				43FCFDF71F251EAE00D854C9 /* Frameworks */,
				43FCFDF81F251EAE00D854C9 /* Resources */,
			);
			buildRules = (
			);
			dependencies = (
			);
			name = "Virtual Tourist";
			productName = "Virtual Tourist";
			productReference = 43FCFDFA1F251EAE00D854C9 /* Virtual Tourist.app */;
			productType = "com.apple.product-type.application";
		};
/* End PBXNativeTarget section */

/* Begin PBXProject section */
		43FCFDF21F251EAE00D854C9 /* Project object */ = {
			isa = PBXProject;
			attributes = {
				LastSwiftUpdateCheck = 0830;
				LastUpgradeCheck = 0830;
				ORGANIZATIONNAME = "Mihir Thanekar";
				TargetAttributes = {
					43FCFDF91F251EAE00D854C9 = {
						CreatedOnToolsVersion = 8.3.3;
						DevelopmentTeam = J82X3YWF6V;
						ProvisioningStyle = Automatic;
					};
				};
			};
			buildConfigurationList = 43FCFDF51F251EAE00D854C9 /* Build configuration list for PBXProject "Virtual Tourist" */;
			compatibilityVersion = "Xcode 3.2";
			developmentRegion = English;
			hasScannedForEncodings = 0;
			knownRegions = (
				en,
				Base,
			);
			mainGroup = 43FCFDF11F251EAE00D854C9;
			productRefGroup = 43FCFDFB1F251EAE00D854C9 /* Products */;
			projectDirPath = "";
			projectRoot = "";
			targets = (
				43FCFDF91F251EAE00D854C9 /* Virtual Tourist */,
			);
		};
/* End PBXProject section */

/* Begin PBXResourcesBuildPhase section */
		43FCFDF81F251EAE00D854C9 /* Resources */ = {
			isa = PBXResourcesBuildPhase;
			buildActionMask = 2147483647;
			files = (
				43FCFE081F251EAE00D854C9 /* LaunchScreen.storyboard in Resources */,
				43FCFE051F251EAE00D854C9 /* Assets.xcassets in Resources */,
				43FCFE031F251EAE00D854C9 /* Main.storyboard in Resources */,
			);
			runOnlyForDeploymentPostprocessing = 0;
		};
/* End PBXResourcesBuildPhase section */

/* Begin PBXSourcesBuildPhase section */
		43FCFDF61F251EAE00D854C9 /* Sources */ = {
			isa = PBXSourcesBuildPhase;
			buildActionMask = 2147483647;
			files = (
				43FCFE001F251EAE00D854C9 /* TravelLocationsViewController.swift in Sources */,
				43FCFE141F2551D700D854C9 /* LocationsModel.xcdatamodeld in Sources */,
				43FCFDFE1F251EAE00D854C9 /* AppDelegate.swift in Sources */,
			);
			runOnlyForDeploymentPostprocessing = 0;
		};
/* End PBXSourcesBuildPhase section */

/* Begin PBXVariantGroup section */
		43FCFE011F251EAE00D854C9 /* Main.storyboard */ = {
			isa = PBXVariantGroup;
			children = (
				43FCFE021F251EAE00D854C9 /* Base */,
			);
			name = Main.storyboard;
			sourceTree = "<group>";
		};
		43FCFE061F251EAE00D854C9 /* LaunchScreen.storyboard */ = {
			isa = PBXVariantGroup;
			children = (
				43FCFE071F251EAE00D854C9 /* Base */,
			);
			name = LaunchScreen.storyboard;
			sourceTree = "<group>";
		};
/* End PBXVariantGroup section */

/* Begin XCBuildConfiguration section */
		43FCFE0A1F251EAE00D854C9 /* Debug */ = {
			isa = XCBuildConfiguration;
			buildSettings = {
				ALWAYS_SEARCH_USER_PATHS = NO;
				CLANG_ANALYZER_NONNULL = YES;
				CLANG_ANALYZER_NUMBER_OBJECT_CONVERSION = YES_AGGRESSIVE;
				CLANG_CXX_LANGUAGE_STANDARD = "gnu++0x";
				CLANG_CXX_LIBRARY = "libc++";
				CLANG_ENABLE_MODULES = YES;
				CLANG_ENABLE_OBJC_ARC = YES;
				CLANG_WARN_BOOL_CONVERSION = YES;
				CLANG_WARN_CONSTANT_CONVERSION = YES;
				CLANG_WARN_DIRECT_OBJC_ISA_USAGE = YES_ERROR;
				CLANG_WARN_DOCUMENTATION_COMMENTS = YES;
				CLANG_WARN_EMPTY_BODY = YES;
				CLANG_WARN_ENUM_CONVERSION = YES;
				CLANG_WARN_INFINITE_RECURSION = YES;
				CLANG_WARN_INT_CONVERSION = YES;
				CLANG_WARN_OBJC_ROOT_CLASS = YES_ERROR;
				CLANG_WARN_SUSPICIOUS_MOVE = YES;
				CLANG_WARN_UNREACHABLE_CODE = YES;
				CLANG_WARN__DUPLICATE_METHOD_MATCH = YES;
				"CODE_SIGN_IDENTITY[sdk=iphoneos*]" = "iPhone Developer";
				COPY_PHASE_STRIP = NO;
				DEBUG_INFORMATION_FORMAT = dwarf;
				ENABLE_STRICT_OBJC_MSGSEND = YES;
				ENABLE_TESTABILITY = YES;
				GCC_C_LANGUAGE_STANDARD = gnu99;
				GCC_DYNAMIC_NO_PIC = NO;
				GCC_NO_COMMON_BLOCKS = YES;
				GCC_OPTIMIZATION_LEVEL = 0;
				GCC_PREPROCESSOR_DEFINITIONS = (
					"DEBUG=1",
					"$(inherited)",
				);
				GCC_WARN_64_TO_32_BIT_CONVERSION = YES;
				GCC_WARN_ABOUT_RETURN_TYPE = YES_ERROR;
				GCC_WARN_UNDECLARED_SELECTOR = YES;
				GCC_WARN_UNINITIALIZED_AUTOS = YES_AGGRESSIVE;
				GCC_WARN_UNUSED_FUNCTION = YES;
				GCC_WARN_UNUSED_VARIABLE = YES;
				IPHONEOS_DEPLOYMENT_TARGET = 10.3;
				MTL_ENABLE_DEBUG_INFO = YES;
				ONLY_ACTIVE_ARCH = YES;
				SDKROOT = iphoneos;
				SWIFT_ACTIVE_COMPILATION_CONDITIONS = DEBUG;
				SWIFT_OPTIMIZATION_LEVEL = "-Onone";
				TARGETED_DEVICE_FAMILY = "1,2";
			};
			name = Debug;
		};
		43FCFE0B1F251EAE00D854C9 /* Release */ = {
			isa = XCBuildConfiguration;
			buildSettings = {
				ALWAYS_SEARCH_USER_PATHS = NO;
				CLANG_ANALYZER_NONNULL = YES;
				CLANG_ANALYZER_NUMBER_OBJECT_CONVERSION = YES_AGGRESSIVE;
				CLANG_CXX_LANGUAGE_STANDARD = "gnu++0x";
				CLANG_CXX_LIBRARY = "libc++";
				CLANG_ENABLE_MODULES = YES;
				CLANG_ENABLE_OBJC_ARC = YES;
				CLANG_WARN_BOOL_CONVERSION = YES;
				CLANG_WARN_CONSTANT_CONVERSION = YES;
				CLANG_WARN_DIRECT_OBJC_ISA_USAGE = YES_ERROR;
				CLANG_WARN_DOCUMENTATION_COMMENTS = YES;
				CLANG_WARN_EMPTY_BODY = YES;
				CLANG_WARN_ENUM_CONVERSION = YES;
				CLANG_WARN_INFINITE_RECURSION = YES;
				CLANG_WARN_INT_CONVERSION = YES;
				CLANG_WARN_OBJC_ROOT_CLASS = YES_ERROR;
				CLANG_WARN_SUSPICIOUS_MOVE = YES;
				CLANG_WARN_UNREACHABLE_CODE = YES;
				CLANG_WARN__DUPLICATE_METHOD_MATCH = YES;
				"CODE_SIGN_IDENTITY[sdk=iphoneos*]" = "iPhone Developer";
				COPY_PHASE_STRIP = NO;
				DEBUG_INFORMATION_FORMAT = "dwarf-with-dsym";
				ENABLE_NS_ASSERTIONS = NO;
				ENABLE_STRICT_OBJC_MSGSEND = YES;
				GCC_C_LANGUAGE_STANDARD = gnu99;
				GCC_NO_COMMON_BLOCKS = YES;
				GCC_WARN_64_TO_32_BIT_CONVERSION = YES;
				GCC_WARN_ABOUT_RETURN_TYPE = YES_ERROR;
				GCC_WARN_UNDECLARED_SELECTOR = YES;
				GCC_WARN_UNINITIALIZED_AUTOS = YES_AGGRESSIVE;
				GCC_WARN_UNUSED_FUNCTION = YES;
				GCC_WARN_UNUSED_VARIABLE = YES;
				IPHONEOS_DEPLOYMENT_TARGET = 10.3;
				MTL_ENABLE_DEBUG_INFO = NO;
				SDKROOT = iphoneos;
				SWIFT_OPTIMIZATION_LEVEL = "-Owholemodule";
				TARGETED_DEVICE_FAMILY = "1,2";
				VALIDATE_PRODUCT = YES;
			};
			name = Release;
		};
		43FCFE0D1F251EAE00D854C9 /* Debug */ = {
			isa = XCBuildConfiguration;
			buildSettings = {
				ASSETCATALOG_COMPILER_APPICON_NAME = AppIcon;
				DEVELOPMENT_TEAM = J82X3YWF6V;
				INFOPLIST_FILE = "Virtual Tourist/Info.plist";
				LD_RUNPATH_SEARCH_PATHS = "$(inherited) @executable_path/Frameworks";
				PRODUCT_BUNDLE_IDENTIFIER = "me.mihirthanekar.Virtual-Tourist";
				PRODUCT_NAME = "$(TARGET_NAME)";
				SWIFT_VERSION = 3.0;
			};
			name = Debug;
		};
		43FCFE0E1F251EAE00D854C9 /* Release */ = {
			isa = XCBuildConfiguration;
			buildSettings = {
				ASSETCATALOG_COMPILER_APPICON_NAME = AppIcon;
				DEVELOPMENT_TEAM = J82X3YWF6V;
				INFOPLIST_FILE = "Virtual Tourist/Info.plist";
				LD_RUNPATH_SEARCH_PATHS = "$(inherited) @executable_path/Frameworks";
				PRODUCT_BUNDLE_IDENTIFIER = "me.mihirthanekar.Virtual-Tourist";
				PRODUCT_NAME = "$(TARGET_NAME)";
				SWIFT_VERSION = 3.0;
			};
			name = Release;
		};
/* End XCBuildConfiguration section */

/* Begin XCConfigurationList section */
		43FCFDF51F251EAE00D854C9 /* Build configuration list for PBXProject "Virtual Tourist" */ = {
			isa = XCConfigurationList;
			buildConfigurations = (
				43FCFE0A1F251EAE00D854C9 /* Debug */,
				43FCFE0B1F251EAE00D854C9 /* Release */,
			);
			defaultConfigurationIsVisible = 0;
			defaultConfigurationName = Release;
		};
		43FCFE0C1F251EAE00D854C9 /* Build configuration list for PBXNativeTarget "Virtual Tourist" */ = {
			isa = XCConfigurationList;
			buildConfigurations = (
				43FCFE0D1F251EAE00D854C9 /* Debug */,
				43FCFE0E1F251EAE00D854C9 /* Release */,
			);
			defaultConfigurationIsVisible = 0;
			defaultConfigurationName = Release;
		};
/* End XCConfigurationList section */

/* Begin XCVersionGroup section */
		43FCFE121F2551D700D854C9 /* LocationsModel.xcdatamodeld */ = {
			isa = XCVersionGroup;
			children = (
				43FCFE131F2551D700D854C9 /* LocationsModel.xcdatamodel */,
			);
			currentVersion = 43FCFE131F2551D700D854C9 /* LocationsModel.xcdatamodel */;
			path = LocationsModel.xcdatamodeld;
			sourceTree = "<group>";
			versionGroupType = wrapper.xcdatamodel;
		};
/* End XCVersionGroup section */
	};
	rootObject = 43FCFDF21F251EAE00D854C9 /* Project object */;
}
